
Microsoft Visual Studio Solution File, Format Version 12.00
# Visual Studio Version 17
VisualStudioVersion = 17.9.34714.143
MinimumVisualStudioVersion = 10.0.40219.1
Project("{FAE04EC0-301F-11D3-BF4B-00C04F79EFBC}") = "Api", "Api\Api.csproj", "{42AC198C-2729-4C18-A068-724EF4B59ADB}"
EndProject
Global
	GlobalSection(SolutionConfigurationPlatforms) = preSolution
		Debug|Any CPU = Debug|Any CPU
		Release|Any CPU = Release|Any CPU
	EndGlobalSection
	GlobalSection(ProjectConfigurationPlatforms) = postSolution
		{42AC198C-2729-4C18-A068-724EF4B59ADB}.Debug|Any CPU.ActiveCfg = Debug|Any CPU
		{42AC198C-2729-4C18-A068-724EF4B59ADB}.Debug|Any CPU.Build.0 = Debug|Any CPU
		{42AC198C-2729-4C18-A068-724EF4B59ADB}.Release|Any CPU.ActiveCfg = Release|Any CPU
		{42AC198C-2729-4C18-A068-724EF4B59ADB}.Release|Any CPU.Build.0 = Release|Any CPU
	EndGlobalSection
	GlobalSection(SolutionProperties) = preSolution
		HideSolutionNode = FALSE
	EndGlobalSection
	GlobalSection(ExtensibilityGlobals) = postSolution
		SolutionGuid = {208A4FC4-C735-485E-B3B5-2AB3E05B6709}
	EndGlobalSection
EndGlobal
